PODS:
  - Alamofire (4.8.0)
  - HandyJSON (4.2.1)
  - MJExtension (3.0.15.1)
  - MJRefresh (3.1.15.7)
  - Moya (12.0.1):
    - Moya/Core (= 12.0.1)
  - Moya/Core (12.0.1):
    - Alamofire (~> 4.1)
    - Result (~> 4.0)
  - Result (4.1.0)
  - SDWebImage (3.8.2):
    - SDWebImage/Core (= 3.8.2)
  - SDWebImage/Core (3.8.2)
  - SVProgressHUD (2.2.5)

DEPENDENCIES:
  - HandyJSON
  - MJExtension
  - MJRefresh
  - Moya
  - SDWebImage (~> 3.8.2)
  - SVProgressHUD

SPEC REPOS:
  https://github.com/cocoapods/specs.git:
    - Alamofire
    - HandyJSON
    - MJExtension
    - MJRefresh
    - Moya
    - Result
    - SDWebImage
    - SVProgressHUD

SPEC CHECKSUMS:
  Alamofire: 3ec537f71edc9804815215393ae2b1a8ea33a844
  HandyJSON: d0c5fc80204f29056d59d3e5c4587fa0b16b60a8
  MJExtension: 19bc33ce2eee2d319760f5622562cf581a6ff756
  MJRefresh: 697f8ec75ebdbe9207767bb682cf0f51b0d8a41f
  Moya: cf730b3cd9e005401ef37a85143aa141a12fd38f
  Result: bd966fac789cc6c1563440b348ab2598cc24d5c7
  SDWebImage: 098e97e6176540799c27e804c96653ee0833d13c
  SVProgressHUD: 1428aafac632c1f86f62aa4243ec12008d7a51d6

PODFILE CHECKSUM: c183d88a47e435bd11a48f4e03c432a17c783a70

COCOAPODS: 1.6.0.beta.2
